{
  "version": 4,
  "terraform_version": "1.8.2",
  "serial": 6,
  "lineage": "25b1454a-6051-417f-bf50-64be63d2ba5f",
  "outputs": {
    "policy-name": {
      "value": [
        "5286216",
        "5286213",
        "5286215",
        "5286214",
        "5286217"
      ],
      "type": [
        "tuple",
        [
          "string",
          "string",
          "string",
          "string",
          "string"
        ]
      ]
    }
  },
  "resources": [
    {
      "mode": "managed",
      "type": "newrelic_alert_policy",
      "name": "policy1",
      "provider": "provider[\"registry.terraform.io/newrelic/newrelic\"]",
      "instances": [
        {
          "index_key": "P1",
          "schema_version": 0,
          "attributes": {
            "account_id": 4411834,
            "channel_ids": null,
            "id": "5286216",
            "incident_preference": "PER_POLICY",
            "name": "P1"
          },
          "sensitive_attributes": [],
          "private": "bnVsbA=="
        },
        {
          "index_key": "P2",
          "schema_version": 0,
          "attributes": {
            "account_id": 4411834,
            "channel_ids": null,
            "id": "5286213",
            "incident_preference": "PER_POLICY",
            "name": "P2"
          },
          "sensitive_attributes": [],
          "private": "bnVsbA=="
        },
        {
          "index_key": "P3",
          "schema_version": 0,
          "attributes": {
            "account_id": 4411834,
            "channel_ids": null,
            "id": "5286215",
            "incident_preference": "PER_POLICY",
            "name": "P3"
          },
          "sensitive_attributes": [],
          "private": "bnVsbA=="
        },
        {
          "index_key": "P4",
          "schema_version": 0,
          "attributes": {
            "account_id": 4411834,
            "channel_ids": null,
            "id": "5286214",
            "incident_preference": "PER_POLICY",
            "name": "P4"
          },
          "sensitive_attributes": [],
          "private": "bnVsbA=="
        },
        {
          "index_key": "P5",
          "schema_version": 0,
          "attributes": {
            "account_id": 4411834,
            "channel_ids": null,
            "id": "5286217",
            "incident_preference": "PER_POLICY",
            "name": "P5"
          },
          "sensitive_attributes": [],
          "private": "bnVsbA=="
        }
      ]
    }
  ],
  "check_results": null
}
